
Microsoft Visual Studio Solution File, Format Version 12.00
# Visual Studio Version 16
VisualStudioVersion = 16.0.31129.286
MinimumVisualStudioVersion = 10.0.40219.1
Project("{FAE04EC0-301F-11D3-BF4B-00C04F79EFBC}") = "Bot Framework.ConsoleApp_NetFramework", "Bot Framework.Console\Bot Framework.ConsoleApp_NetFramework.csproj", "{8B669802-E340-4057-8660-5C291C500DD5}"
EndProject
Project("{9A19103F-16F7-4668-BE54-9A1E7A4F7556}") = "Bot Framework.ConsoleApp_Net5", "Bot Framework.ConsoleApp\Bot Framework.ConsoleApp_Net5.csproj", "{371B5FB9-6C0C-452B-832E-75C79D881270}"
EndProject
Project("{D954291E-2A0B-460D-934E-DC6B0785DB48}") = "Bot Framework Shared", "Bot Framework_Shared\Bot Framework Shared.shproj", "{65C193A6-B330-4C37-85F1-A442FE06FE06}"
EndProject
Project("{FAE04EC0-301F-11D3-BF4B-00C04F79EFBC}") = "Bot Framework_NetFramework", "Bot Framework_NetFramework\Bot Framework_NetFramework.csproj", "{23173B9B-B783-498F-B188-2A7FC58633AF}"
EndProject
Project("{9A19103F-16F7-4668-BE54-9A1E7A4F7556}") = "Bot Framework_Net5", "Bot Framework_Net5\Bot Framework_Net5.csproj", "{40680B70-FDC3-454F-B10D-134983970FEA}"
EndProject
Global
	GlobalSection(SharedMSBuildProjectFiles) = preSolution
		Bot Framework_Shared\Bot Framework Shared.projitems*{23173b9b-b783-498f-b188-2a7fc58633af}*SharedItemsImports = 4
		Bot Framework_Shared\Bot Framework Shared.projitems*{40680b70-fdc3-454f-b10d-134983970fea}*SharedItemsImports = 5
		Bot Framework_Shared\Bot Framework Shared.projitems*{65c193a6-b330-4c37-85f1-a442fe06fe06}*SharedItemsImports = 13
	EndGlobalSection
	GlobalSection(SolutionConfigurationPlatforms) = preSolution
		Debug|Any CPU = Debug|Any CPU
		Release|Any CPU = Release|Any CPU
	EndGlobalSection
	GlobalSection(ProjectConfigurationPlatforms) = postSolution
		{8B669802-E340-4057-8660-5C291C500DD5}.Debug|Any CPU.ActiveCfg = Debug|Any CPU
		{8B669802-E340-4057-8660-5C291C500DD5}.Debug|Any CPU.Build.0 = Debug|Any CPU
		{8B669802-E340-4057-8660-5C291C500DD5}.Release|Any CPU.ActiveCfg = Release|Any CPU
		{8B669802-E340-4057-8660-5C291C500DD5}.Release|Any CPU.Build.0 = Release|Any CPU
		{371B5FB9-6C0C-452B-832E-75C79D881270}.Debug|Any CPU.ActiveCfg = Debug|Any CPU
		{371B5FB9-6C0C-452B-832E-75C79D881270}.Debug|Any CPU.Build.0 = Debug|Any CPU
		{371B5FB9-6C0C-452B-832E-75C79D881270}.Release|Any CPU.ActiveCfg = Release|Any CPU
		{371B5FB9-6C0C-452B-832E-75C79D881270}.Release|Any CPU.Build.0 = Release|Any CPU
		{23173B9B-B783-498F-B188-2A7FC58633AF}.Debug|Any CPU.ActiveCfg = Debug|Any CPU
		{23173B9B-B783-498F-B188-2A7FC58633AF}.Debug|Any CPU.Build.0 = Debug|Any CPU
		{23173B9B-B783-498F-B188-2A7FC58633AF}.Release|Any CPU.ActiveCfg = Release|Any CPU
		{23173B9B-B783-498F-B188-2A7FC58633AF}.Release|Any CPU.Build.0 = Release|Any CPU
		{40680B70-FDC3-454F-B10D-134983970FEA}.Debug|Any CPU.ActiveCfg = Debug|Any CPU
		{40680B70-FDC3-454F-B10D-134983970FEA}.Debug|Any CPU.Build.0 = Debug|Any CPU
		{40680B70-FDC3-454F-B10D-134983970FEA}.Release|Any CPU.ActiveCfg = Release|Any CPU
		{40680B70-FDC3-454F-B10D-134983970FEA}.Release|Any CPU.Build.0 = Release|Any CPU
	EndGlobalSection
	GlobalSection(SolutionProperties) = preSolution
		HideSolutionNode = FALSE
	EndGlobalSection
	GlobalSection(ExtensibilityGlobals) = postSolution
		SolutionGuid = {5F905FE2-58BC-4BF4-B2C1-B2E677D92D4B}
	EndGlobalSection
EndGlobal
